
Microsoft Visual Studio Solution File, Format Version 12.00
# Visual Studio Version 17
VisualStudioVersion = 17.8.34322.80
MinimumVisualStudioVersion = 10.0.40219.1
Project("{9A19103F-16F7-4668-BE54-9A1E7A4F7556}") = "LabBackend", "LabBackend.csproj", "{53580EAC-7380-424E-A4DD-5FEA2DF5FFF6}"
EndProject
Global
	GlobalSection(SolutionConfigurationPlatforms) = preSolution
		Debug|Any CPU = Debug|Any CPU
		Release|Any CPU = Release|Any CPU
	EndGlobalSection
	GlobalSection(ProjectConfigurationPlatforms) = postSolution
		{53580EAC-7380-424E-A4DD-5FEA2DF5FFF6}.Debug|Any CPU.ActiveCfg = Debug|Any CPU
		{53580EAC-7380-424E-A4DD-5FEA2DF5FFF6}.Debug|Any CPU.Build.0 = Debug|Any CPU
		{53580EAC-7380-424E-A4DD-5FEA2DF5FFF6}.Release|Any CPU.ActiveCfg = Release|Any CPU
		{53580EAC-7380-424E-A4DD-5FEA2DF5FFF6}.Release|Any CPU.Build.0 = Release|Any CPU
	EndGlobalSection
	GlobalSection(SolutionProperties) = preSolution
		HideSolutionNode = FALSE
	EndGlobalSection
	GlobalSection(ExtensibilityGlobals) = postSolution
		SolutionGuid = {DC6F10A2-C196-42E5-89CB-D688C749E981}
	EndGlobalSection
EndGlobal
